
Microsoft Visual Studio Solution File, Format Version 11.00
# Visual Studio 2010
Project("{FAE04EC0-301F-11D3-BF4B-00C04F79EFBC}") = "NavyaEx3CuWP", "NavyaEx3CuWP\NavyaEx3CuWP.csproj", "{C72FFA29-B7E8-4F9D-BF41-26B1F60CE455}"
EndProject
Global
	GlobalSection(SolutionConfigurationPlatforms) = preSolution
		Debug|Any CPU = Debug|Any CPU
		Release|Any CPU = Release|Any CPU
	EndGlobalSection
	GlobalSection(ProjectConfigurationPlatforms) = postSolution
		{C72FFA29-B7E8-4F9D-BF41-26B1F60CE455}.Debug|Any CPU.ActiveCfg = Debug|Any CPU
		{C72FFA29-B7E8-4F9D-BF41-26B1F60CE455}.Debug|Any CPU.Build.0 = Debug|Any CPU
		{C72FFA29-B7E8-4F9D-BF41-26B1F60CE455}.Debug|Any CPU.Deploy.0 = Debug|Any CPU
		{C72FFA29-B7E8-4F9D-BF41-26B1F60CE455}.Release|Any CPU.ActiveCfg = Release|Any CPU
		{C72FFA29-B7E8-4F9D-BF41-26B1F60CE455}.Release|Any CPU.Build.0 = Release|Any CPU
		{C72FFA29-B7E8-4F9D-BF41-26B1F60CE455}.Release|Any CPU.Deploy.0 = Release|Any CPU
	EndGlobalSection
	GlobalSection(SolutionProperties) = preSolution
		HideSolutionNode = FALSE
	EndGlobalSection
EndGlobal
